
Microsoft Visual Studio Solution File, Format Version 12.00
# Visual Studio 15
Project("{FAE04EC0-301F-11D3-BF4B-00C04F79EFBC}") = "JogoPacMan", "JogoPacMan.csproj", "{8313ED38-E8C1-4553-9170-F0ACE3EE62C7}"
EndProject
Global
	GlobalSection(SolutionConfigurationPlatforms) = preSolution
		Debug|Any CPU = Debug|Any CPU
		Release|Any CPU = Release|Any CPU
	EndGlobalSection
	GlobalSection(ProjectConfigurationPlatforms) = postSolution
		{8313ED38-E8C1-4553-9170-F0ACE3EE62C7}.Debug|Any CPU.ActiveCfg = Debug|Any CPU
		{8313ED38-E8C1-4553-9170-F0ACE3EE62C7}.Debug|Any CPU.Build.0 = Debug|Any CPU
		{8313ED38-E8C1-4553-9170-F0ACE3EE62C7}.Release|Any CPU.ActiveCfg = Release|Any CPU
		{8313ED38-E8C1-4553-9170-F0ACE3EE62C7}.Release|Any CPU.Build.0 = Release|Any CPU
	EndGlobalSection
EndGlobal
